
Microsoft Visual Studio Solution File, Format Version 12.00
# Visual Studio Version 17
VisualStudioVersion = 17.13.35931.197 d17.13
MinimumVisualStudioVersion = 10.0.40219.1
Project("{FAE04EC0-301F-11D3-BF4B-00C04F79EFBC}") = "Aplikacja desktopowa", "Aplikacja desktopowa\Aplikacja desktopowa.csproj", "{14CE160A-0F67-43A0-901C-801180B0E0F6}"
EndProject
Global
	GlobalSection(SolutionConfigurationPlatforms) = preSolution
		Debug|Any CPU = Debug|Any CPU
		Release|Any CPU = Release|Any CPU
	EndGlobalSection
	GlobalSection(ProjectConfigurationPlatforms) = postSolution
		{14CE160A-0F67-43A0-901C-801180B0E0F6}.Debug|Any CPU.ActiveCfg = Debug|Any CPU
		{14CE160A-0F67-43A0-901C-801180B0E0F6}.Debug|Any CPU.Build.0 = Debug|Any CPU
		{14CE160A-0F67-43A0-901C-801180B0E0F6}.Release|Any CPU.ActiveCfg = Release|Any CPU
		{14CE160A-0F67-43A0-901C-801180B0E0F6}.Release|Any CPU.Build.0 = Release|Any CPU
	EndGlobalSection
	GlobalSection(SolutionProperties) = preSolution
		HideSolutionNode = FALSE
	EndGlobalSection
	GlobalSection(ExtensibilityGlobals) = postSolution
		SolutionGuid = {5C4028AA-8EDF-4114-BB68-CCC8BEA957D5}
	EndGlobalSection
EndGlobal
